{
  "requires": true,
  "lockfileVersion": 1,
  "dependencies": {
    "heapify": {
      "version": "0.6.0",
      "resolved": "https://registry.npmjs.org/heapify/-/heapify-0.6.0.tgz",
      "integrity": "sha512-TeTASfpsbj7CndSUiFHHAcFLV1vbHkpBzoWT7Eonxq8Jxv5O0KQqv9P9sWF6h+R5vZ8126+pxB1EX8CZtOPduw=="
    }
  }
}
